
Microsoft Visual Studio Solution File, Format Version 12.00
# Visual Studio 14
VisualStudioVersion = 14.0.25420.1
MinimumVisualStudioVersion = 10.0.40219.1
Project("{930C7802-8A8C-48F9-8165-68863BCCD9DD}") = "InstallerBootstrapper", "..\InstallerBootstrapper\InstallerBootstrapper.wixproj", "{353B299E-81A5-42CD-9E79-C1D2E32C24E3}"
EndProject
Project("{930C7802-8A8C-48F9-8165-68863BCCD9DD}") = "InstallerDemo1", "..\InstallerDemo1\InstallerDemo1.wixproj", "{892DE271-AF8E-438E-9CCD-6AD35822F0B0}"
EndProject
Project("{FAE04EC0-301F-11D3-BF4B-00C04F79EFBC}") = "InstallerUI", "InstallerUI.csproj", "{B094A403-D094-4B77-AC94-15EAA36B31AF}"
EndProject
Project("{930C7802-8A8C-48F9-8165-68863BCCD9DD}") = "InstallerDemo2", "..\InstallerDemo2\InstallerDemo2.wixproj", "{69742E93-76EA-4109-AB6A-B54F71B8E1D6}"
EndProject
Project("{930C7802-8A8C-48F9-8165-68863BCCD9DD}") = "InstallerDemo3", "..\InstallerDemo3\InstallerDemo3.wixproj", "{1828AA7E-C590-46DF-80B2-4ADFCA572B85}"
EndProject
Project("{930C7802-8A8C-48F9-8165-68863BCCD9DD}") = "InstallerDemo4", "..\InstallerDemo4\InstallerDemo4.wixproj", "{F332977E-2D7E-4069-913B-5E6A0D33602A}"
EndProject
Global
	GlobalSection(SolutionConfigurationPlatforms) = preSolution
		Debug|Any CPU = Debug|Any CPU
		Debug|x86 = Debug|x86
		Release|Any CPU = Release|Any CPU
		Release|x86 = Release|x86
	EndGlobalSection
	GlobalSection(ProjectConfigurationPlatforms) = postSolution
		{353B299E-81A5-42CD-9E79-C1D2E32C24E3}.Debug|Any CPU.ActiveCfg = Debug|x86
		{353B299E-81A5-42CD-9E79-C1D2E32C24E3}.Debug|x86.ActiveCfg = Debug|x86
		{353B299E-81A5-42CD-9E79-C1D2E32C24E3}.Debug|x86.Build.0 = Debug|x86
		{353B299E-81A5-42CD-9E79-C1D2E32C24E3}.Release|Any CPU.ActiveCfg = Release|x86
		{353B299E-81A5-42CD-9E79-C1D2E32C24E3}.Release|x86.ActiveCfg = Release|x86
		{353B299E-81A5-42CD-9E79-C1D2E32C24E3}.Release|x86.Build.0 = Release|x86
		{892DE271-AF8E-438E-9CCD-6AD35822F0B0}.Debug|Any CPU.ActiveCfg = Debug|x86
		{892DE271-AF8E-438E-9CCD-6AD35822F0B0}.Debug|x86.ActiveCfg = Debug|x86
		{892DE271-AF8E-438E-9CCD-6AD35822F0B0}.Debug|x86.Build.0 = Debug|x86
		{892DE271-AF8E-438E-9CCD-6AD35822F0B0}.Release|Any CPU.ActiveCfg = Release|x86
		{892DE271-AF8E-438E-9CCD-6AD35822F0B0}.Release|x86.ActiveCfg = Release|x86
		{892DE271-AF8E-438E-9CCD-6AD35822F0B0}.Release|x86.Build.0 = Release|x86
		{B094A403-D094-4B77-AC94-15EAA36B31AF}.Debug|Any CPU.ActiveCfg = Debug|Any CPU
		{B094A403-D094-4B77-AC94-15EAA36B31AF}.Debug|Any CPU.Build.0 = Debug|Any CPU
		{B094A403-D094-4B77-AC94-15EAA36B31AF}.Debug|x86.ActiveCfg = Debug|Any CPU
		{B094A403-D094-4B77-AC94-15EAA36B31AF}.Debug|x86.Build.0 = Debug|Any CPU
		{B094A403-D094-4B77-AC94-15EAA36B31AF}.Release|Any CPU.ActiveCfg = Release|Any CPU
		{B094A403-D094-4B77-AC94-15EAA36B31AF}.Release|Any CPU.Build.0 = Release|Any CPU
		{B094A403-D094-4B77-AC94-15EAA36B31AF}.Release|x86.ActiveCfg = Release|Any CPU
		{B094A403-D094-4B77-AC94-15EAA36B31AF}.Release|x86.Build.0 = Release|Any CPU
		{69742E93-76EA-4109-AB6A-B54F71B8E1D6}.Debug|Any CPU.ActiveCfg = Debug|x86
		{69742E93-76EA-4109-AB6A-B54F71B8E1D6}.Debug|x86.ActiveCfg = Debug|x86
		{69742E93-76EA-4109-AB6A-B54F71B8E1D6}.Debug|x86.Build.0 = Debug|x86
		{69742E93-76EA-4109-AB6A-B54F71B8E1D6}.Release|Any CPU.ActiveCfg = Release|x86
		{69742E93-76EA-4109-AB6A-B54F71B8E1D6}.Release|x86.ActiveCfg = Release|x86
		{69742E93-76EA-4109-AB6A-B54F71B8E1D6}.Release|x86.Build.0 = Release|x86
		{1828AA7E-C590-46DF-80B2-4ADFCA572B85}.Debug|Any CPU.ActiveCfg = Debug|x86
		{1828AA7E-C590-46DF-80B2-4ADFCA572B85}.Debug|x86.ActiveCfg = Debug|x86
		{1828AA7E-C590-46DF-80B2-4ADFCA572B85}.Debug|x86.Build.0 = Debug|x86
		{1828AA7E-C590-46DF-80B2-4ADFCA572B85}.Release|Any CPU.ActiveCfg = Release|x86
		{1828AA7E-C590-46DF-80B2-4ADFCA572B85}.Release|x86.ActiveCfg = Release|x86
		{1828AA7E-C590-46DF-80B2-4ADFCA572B85}.Release|x86.Build.0 = Release|x86
		{F332977E-2D7E-4069-913B-5E6A0D33602A}.Debug|Any CPU.ActiveCfg = Debug|x86
		{F332977E-2D7E-4069-913B-5E6A0D33602A}.Debug|x86.ActiveCfg = Debug|x86
		{F332977E-2D7E-4069-913B-5E6A0D33602A}.Debug|x86.Build.0 = Debug|x86
		{F332977E-2D7E-4069-913B-5E6A0D33602A}.Release|Any CPU.ActiveCfg = Release|x86
		{F332977E-2D7E-4069-913B-5E6A0D33602A}.Release|x86.ActiveCfg = Release|x86
		{F332977E-2D7E-4069-913B-5E6A0D33602A}.Release|x86.Build.0 = Release|x86
	EndGlobalSection
	GlobalSection(SolutionProperties) = preSolution
		HideSolutionNode = FALSE
	EndGlobalSection
EndGlobal
