
Microsoft Visual Studio Solution File, Format Version 12.00
# Visual Studio 2012
Project("{FAE04EC0-301F-11D3-BF4B-00C04F79EFBC}") = "DTS.Jurnal.V3.Shell", "..\Projects\DTS.Jurnal.V3.Shell\DTS.Jurnal.V3.Shell.csproj", "{1C4EDF67-38C2-40E2-AC65-2D57360677C5}"
EndProject
Project("{FAE04EC0-301F-11D3-BF4B-00C04F79EFBC}") = "DTS.Jurnal.V3.Database.Module", "..\Projects\DTS.Jurnal.V3.Database.Module\DTS.Jurnal.V3.Database.Module.csproj", "{E70D8866-D808-428A-B1A3-FD091F070685}"
EndProject
Project("{FAE04EC0-301F-11D3-BF4B-00C04F79EFBC}") = "DSA.Common.Infrastructure", "..\Projects\DSA.Common.Infrastructure\DSA.Common.Infrastructure.csproj", "{EDD4730D-BAC5-4D75-B556-C70C8BFD736B}"
EndProject
Project("{FAE04EC0-301F-11D3-BF4B-00C04F79EFBC}") = "DTS_Jurnal.Jurnal", "..\Projects\DTS_Jurnal.Jurnal\DTS_Jurnal.Jurnal.csproj", "{824F7A19-2E48-4FCA-860C-5FF03AFAD720}"
EndProject
Project("{FAE04EC0-301F-11D3-BF4B-00C04F79EFBC}") = "DSA.Common.Controls", "..\Projects\DSA.Common.Controls\DSA.Common.Controls.csproj", "{31F537E0-57EB-4962-99C8-F9793315FFDD}"
EndProject
Project("{FAE04EC0-301F-11D3-BF4B-00C04F79EFBC}") = "DSA.Login", "..\Projects\DSA.Login\DSA.Login.csproj", "{A2F29039-36DC-4C2F-80EB-5EA3A839337D}"
EndProject
Project("{FAE04EC0-301F-11D3-BF4B-00C04F79EFBC}") = "DSA.FileUpload", "..\Projects\DSA.FileUpload\DSA.FileUpload.csproj", "{D568745D-4033-44B5-B59A-8DCEBFA7B7ED}"
EndProject
Project("{FAE04EC0-301F-11D3-BF4B-00C04F79EFBC}") = "DSA.Module.Settings", "..\Projects\DSA.Module.PersonalData\DSA.Module.Settings.csproj", "{3773B378-5D13-414A-8586-BAD50F1B5CD3}"
EndProject
Project("{FAE04EC0-301F-11D3-BF4B-00C04F79EFBC}") = "DSA.Module.PersonalInfo", "..\Projects\DSA.Module.PersonalInfo\DSA.Module.PersonalInfo.csproj", "{AE1B0290-936E-4D8F-9973-35153F804C6F}"
EndProject
Project("{FAE04EC0-301F-11D3-BF4B-00C04F79EFBC}") = "DTS.FtpConnection", "..\Projects\DTS.FtpConnection\DTS.FtpConnection.csproj", "{26776D77-D1EF-464B-92C9-CB8989B8E882}"
EndProject
Project("{FAE04EC0-301F-11D3-BF4B-00C04F79EFBC}") = "DTS.Jurnal.Database.SQLServer.Module", "..\Projects\DTS.Jurnal.Database.SQLServer.Module\DTS.Jurnal.Database.SQLServer.Module.csproj", "{8378E5C0-BC52-4F9B-A854-2C6F0990598C}"
EndProject
Global
	GlobalSection(SolutionConfigurationPlatforms) = preSolution
		Debug|Any CPU = Debug|Any CPU
		Release|Any CPU = Release|Any CPU
	EndGlobalSection
	GlobalSection(ProjectConfigurationPlatforms) = postSolution
		{1C4EDF67-38C2-40E2-AC65-2D57360677C5}.Debug|Any CPU.ActiveCfg = Debug|Any CPU
		{1C4EDF67-38C2-40E2-AC65-2D57360677C5}.Debug|Any CPU.Build.0 = Debug|Any CPU
		{1C4EDF67-38C2-40E2-AC65-2D57360677C5}.Release|Any CPU.ActiveCfg = Release|Any CPU
		{1C4EDF67-38C2-40E2-AC65-2D57360677C5}.Release|Any CPU.Build.0 = Release|Any CPU
		{E70D8866-D808-428A-B1A3-FD091F070685}.Debug|Any CPU.ActiveCfg = Debug|Any CPU
		{E70D8866-D808-428A-B1A3-FD091F070685}.Debug|Any CPU.Build.0 = Debug|Any CPU
		{E70D8866-D808-428A-B1A3-FD091F070685}.Release|Any CPU.ActiveCfg = Release|Any CPU
		{E70D8866-D808-428A-B1A3-FD091F070685}.Release|Any CPU.Build.0 = Release|Any CPU
		{EDD4730D-BAC5-4D75-B556-C70C8BFD736B}.Debug|Any CPU.ActiveCfg = Debug|Any CPU
		{EDD4730D-BAC5-4D75-B556-C70C8BFD736B}.Debug|Any CPU.Build.0 = Debug|Any CPU
		{EDD4730D-BAC5-4D75-B556-C70C8BFD736B}.Release|Any CPU.ActiveCfg = Release|Any CPU
		{EDD4730D-BAC5-4D75-B556-C70C8BFD736B}.Release|Any CPU.Build.0 = Release|Any CPU
		{824F7A19-2E48-4FCA-860C-5FF03AFAD720}.Debug|Any CPU.ActiveCfg = Debug|Any CPU
		{824F7A19-2E48-4FCA-860C-5FF03AFAD720}.Debug|Any CPU.Build.0 = Debug|Any CPU
		{824F7A19-2E48-4FCA-860C-5FF03AFAD720}.Release|Any CPU.ActiveCfg = Release|Any CPU
		{824F7A19-2E48-4FCA-860C-5FF03AFAD720}.Release|Any CPU.Build.0 = Release|Any CPU
		{31F537E0-57EB-4962-99C8-F9793315FFDD}.Debug|Any CPU.ActiveCfg = Debug|Any CPU
		{31F537E0-57EB-4962-99C8-F9793315FFDD}.Debug|Any CPU.Build.0 = Debug|Any CPU
		{31F537E0-57EB-4962-99C8-F9793315FFDD}.Release|Any CPU.ActiveCfg = Release|Any CPU
		{31F537E0-57EB-4962-99C8-F9793315FFDD}.Release|Any CPU.Build.0 = Release|Any CPU
		{A2F29039-36DC-4C2F-80EB-5EA3A839337D}.Debug|Any CPU.ActiveCfg = Debug|Any CPU
		{A2F29039-36DC-4C2F-80EB-5EA3A839337D}.Debug|Any CPU.Build.0 = Debug|Any CPU
		{A2F29039-36DC-4C2F-80EB-5EA3A839337D}.Release|Any CPU.ActiveCfg = Release|Any CPU
		{A2F29039-36DC-4C2F-80EB-5EA3A839337D}.Release|Any CPU.Build.0 = Release|Any CPU
		{D568745D-4033-44B5-B59A-8DCEBFA7B7ED}.Debug|Any CPU.ActiveCfg = Debug|Any CPU
		{D568745D-4033-44B5-B59A-8DCEBFA7B7ED}.Debug|Any CPU.Build.0 = Debug|Any CPU
		{D568745D-4033-44B5-B59A-8DCEBFA7B7ED}.Release|Any CPU.ActiveCfg = Release|Any CPU
		{D568745D-4033-44B5-B59A-8DCEBFA7B7ED}.Release|Any CPU.Build.0 = Release|Any CPU
		{3773B378-5D13-414A-8586-BAD50F1B5CD3}.Debug|Any CPU.ActiveCfg = Debug|Any CPU
		{3773B378-5D13-414A-8586-BAD50F1B5CD3}.Debug|Any CPU.Build.0 = Debug|Any CPU
		{3773B378-5D13-414A-8586-BAD50F1B5CD3}.Release|Any CPU.ActiveCfg = Release|Any CPU
		{3773B378-5D13-414A-8586-BAD50F1B5CD3}.Release|Any CPU.Build.0 = Release|Any CPU
		{AE1B0290-936E-4D8F-9973-35153F804C6F}.Debug|Any CPU.ActiveCfg = Debug|Any CPU
		{AE1B0290-936E-4D8F-9973-35153F804C6F}.Debug|Any CPU.Build.0 = Debug|Any CPU
		{AE1B0290-936E-4D8F-9973-35153F804C6F}.Release|Any CPU.ActiveCfg = Release|Any CPU
		{AE1B0290-936E-4D8F-9973-35153F804C6F}.Release|Any CPU.Build.0 = Release|Any CPU
		{26776D77-D1EF-464B-92C9-CB8989B8E882}.Debug|Any CPU.ActiveCfg = Debug|Any CPU
		{26776D77-D1EF-464B-92C9-CB8989B8E882}.Debug|Any CPU.Build.0 = Debug|Any CPU
		{26776D77-D1EF-464B-92C9-CB8989B8E882}.Release|Any CPU.ActiveCfg = Release|Any CPU
		{26776D77-D1EF-464B-92C9-CB8989B8E882}.Release|Any CPU.Build.0 = Release|Any CPU
		{8378E5C0-BC52-4F9B-A854-2C6F0990598C}.Debug|Any CPU.ActiveCfg = Debug|Any CPU
		{8378E5C0-BC52-4F9B-A854-2C6F0990598C}.Debug|Any CPU.Build.0 = Debug|Any CPU
		{8378E5C0-BC52-4F9B-A854-2C6F0990598C}.Release|Any CPU.ActiveCfg = Release|Any CPU
		{8378E5C0-BC52-4F9B-A854-2C6F0990598C}.Release|Any CPU.Build.0 = Release|Any CPU
	EndGlobalSection
	GlobalSection(SolutionProperties) = preSolution
		HideSolutionNode = FALSE
	EndGlobalSection
EndGlobal
