
Microsoft Visual Studio Solution File, Format Version 12.00
# Visual Studio 14
VisualStudioVersion = 14.0.25420.1
MinimumVisualStudioVersion = 10.0.40219.1
Project("{FAE04EC0-301F-11D3-BF4B-00C04F79EFBC}") = "DTS.Jurnal.V3.Shell", "..\Projects\DTS.Jurnal.V3.Shell\DTS.Jurnal.V3.Shell.csproj", "{1C4EDF67-38C2-40E2-AC65-2D57360677C5}"
EndProject
Project("{FAE04EC0-301F-11D3-BF4B-00C04F79EFBC}") = "DSA.Common.Infrastructure", "..\Projects\DSA.Common.Infrastructure\DSA.Common.Infrastructure.csproj", "{EDD4730D-BAC5-4D75-B556-C70C8BFD736B}"
EndProject
Project("{FAE04EC0-301F-11D3-BF4B-00C04F79EFBC}") = "DTS_Jurnal.Jurnal", "..\Projects\DTS_Jurnal.Jurnal\DTS_Jurnal.Jurnal.csproj", "{824F7A19-2E48-4FCA-860C-5FF03AFAD720}"
EndProject
Project("{FAE04EC0-301F-11D3-BF4B-00C04F79EFBC}") = "DSA.Common.Controls", "..\Projects\DSA.Common.Controls\DSA.Common.Controls.csproj", "{31F537E0-57EB-4962-99C8-F9793315FFDD}"
EndProject
Project("{FAE04EC0-301F-11D3-BF4B-00C04F79EFBC}") = "DSA.Login", "..\Projects\DSA.Login\DSA.Login.csproj", "{A2F29039-36DC-4C2F-80EB-5EA3A839337D}"
EndProject
Project("{FAE04EC0-301F-11D3-BF4B-00C04F79EFBC}") = "DSA.FileUpload", "..\Projects\DSA.FileUpload\DSA.FileUpload.csproj", "{D568745D-4033-44B5-B59A-8DCEBFA7B7ED}"
EndProject
Project("{FAE04EC0-301F-11D3-BF4B-00C04F79EFBC}") = "DSA.Module.Settings", "..\Projects\DSA.Module.PersonalData\DSA.Module.Settings.csproj", "{3773B378-5D13-414A-8586-BAD50F1B5CD3}"
EndProject
Project("{FAE04EC0-301F-11D3-BF4B-00C04F79EFBC}") = "DSA.Module.PersonalInfo", "..\Projects\DSA.Module.PersonalInfo\DSA.Module.PersonalInfo.csproj", "{AE1B0290-936E-4D8F-9973-35153F804C6F}"
EndProject
Project("{FAE04EC0-301F-11D3-BF4B-00C04F79EFBC}") = "DSA.Database.Model", "..\Projects\DSA.Database.Model\DSA.Database.Model.csproj", "{E71BE83D-E64A-4D52-97AB-0AB7482363F7}"
EndProject
Project("{FAE04EC0-301F-11D3-BF4B-00C04F79EFBC}") = "DTS.FtpConnection", "..\Projects\DTS.FtpConnection\DTS.FtpConnection.csproj", "{26776D77-D1EF-464B-92C9-CB8989B8E882}"
EndProject
Project("{FAE04EC0-301F-11D3-BF4B-00C04F79EFBC}") = "DTS.Module.SystemSettings", "..\Projects\DTS.Module.SystemSettings\DTS.Module.SystemSettings.csproj", "{F64D4FFA-0693-4B99-A650-E775616A59E3}"
EndProject
Project("{FAE04EC0-301F-11D3-BF4B-00C04F79EFBC}") = "DTS.Common.BusinessLogic", "..\Projects\DTS.Common.BusinessLogic\DTS.Common.BusinessLogic.csproj", "{F60081CC-C513-478B-A7B2-1D77E6242AC5}"
EndProject
Project("{FAE04EC0-301F-11D3-BF4B-00C04F79EFBC}") = "DTS.Common.DatabaseServer", "..\Projects\DTS.Common.DatabaseServer\DTS.Common.DatabaseServer.csproj", "{3E97CCFB-5DCC-4775-B0AD-3FE2E8C7AC53}"
EndProject
Project("{FAE04EC0-301F-11D3-BF4B-00C04F79EFBC}") = "DTS.Jurnal.Database.SQLServer.Module", "..\Projects\DTS.Jurnal.Database.SQLServer.Module\DTS.Jurnal.Database.SQLServer.Module.csproj", "{8378E5C0-BC52-4F9B-A854-2C6F0990598C}"
EndProject
Project("{930C7802-8A8C-48F9-8165-68863BCCD9DD}") = "DTS.Jurnal.Installer", "..\Projects\DTS.Jurnal.Installer\DTS.Jurnal.Installer.wixproj", "{97EF6E49-0CBD-404B-813D-538B83CA8BFA}"
EndProject
Project("{930C7802-8A8C-48F9-8165-68863BCCD9DD}") = "DTS.Jurnal.Installer.Bootstrapper", "..\Projects\DTS.Jurnal.Installer.Bootstrapper\DTS.Jurnal.Installer.Bootstrapper.wixproj", "{B9F07616-11FC-46C6-BCB2-2F75434159F5}"
EndProject
Project("{2150E333-8FDC-42A3-9474-1A3956D46DE8}") = "Installer", "Installer", "{33C54EE2-D13A-4B57-9750-9A78B1AFA224}"
EndProject
Global
	GlobalSection(SolutionConfigurationPlatforms) = preSolution
		Debug|Any CPU = Debug|Any CPU
		Debug|x86 = Debug|x86
		Release|Any CPU = Release|Any CPU
		Release|x86 = Release|x86
	EndGlobalSection
	GlobalSection(ProjectConfigurationPlatforms) = postSolution
		{1C4EDF67-38C2-40E2-AC65-2D57360677C5}.Debug|Any CPU.ActiveCfg = Debug|Any CPU
		{1C4EDF67-38C2-40E2-AC65-2D57360677C5}.Debug|Any CPU.Build.0 = Debug|Any CPU
		{1C4EDF67-38C2-40E2-AC65-2D57360677C5}.Debug|x86.ActiveCfg = Debug|Any CPU
		{1C4EDF67-38C2-40E2-AC65-2D57360677C5}.Debug|x86.Build.0 = Debug|Any CPU
		{1C4EDF67-38C2-40E2-AC65-2D57360677C5}.Release|Any CPU.ActiveCfg = Release|Any CPU
		{1C4EDF67-38C2-40E2-AC65-2D57360677C5}.Release|Any CPU.Build.0 = Release|Any CPU
		{1C4EDF67-38C2-40E2-AC65-2D57360677C5}.Release|x86.ActiveCfg = Release|Any CPU
		{1C4EDF67-38C2-40E2-AC65-2D57360677C5}.Release|x86.Build.0 = Release|Any CPU
		{EDD4730D-BAC5-4D75-B556-C70C8BFD736B}.Debug|Any CPU.ActiveCfg = Debug|Any CPU
		{EDD4730D-BAC5-4D75-B556-C70C8BFD736B}.Debug|Any CPU.Build.0 = Debug|Any CPU
		{EDD4730D-BAC5-4D75-B556-C70C8BFD736B}.Debug|x86.ActiveCfg = Debug|Any CPU
		{EDD4730D-BAC5-4D75-B556-C70C8BFD736B}.Debug|x86.Build.0 = Debug|Any CPU
		{EDD4730D-BAC5-4D75-B556-C70C8BFD736B}.Release|Any CPU.ActiveCfg = Release|Any CPU
		{EDD4730D-BAC5-4D75-B556-C70C8BFD736B}.Release|Any CPU.Build.0 = Release|Any CPU
		{EDD4730D-BAC5-4D75-B556-C70C8BFD736B}.Release|x86.ActiveCfg = Release|Any CPU
		{EDD4730D-BAC5-4D75-B556-C70C8BFD736B}.Release|x86.Build.0 = Release|Any CPU
		{824F7A19-2E48-4FCA-860C-5FF03AFAD720}.Debug|Any CPU.ActiveCfg = Debug|Any CPU
		{824F7A19-2E48-4FCA-860C-5FF03AFAD720}.Debug|Any CPU.Build.0 = Debug|Any CPU
		{824F7A19-2E48-4FCA-860C-5FF03AFAD720}.Debug|x86.ActiveCfg = Debug|Any CPU
		{824F7A19-2E48-4FCA-860C-5FF03AFAD720}.Debug|x86.Build.0 = Debug|Any CPU
		{824F7A19-2E48-4FCA-860C-5FF03AFAD720}.Release|Any CPU.ActiveCfg = Release|Any CPU
		{824F7A19-2E48-4FCA-860C-5FF03AFAD720}.Release|Any CPU.Build.0 = Release|Any CPU
		{824F7A19-2E48-4FCA-860C-5FF03AFAD720}.Release|x86.ActiveCfg = Release|Any CPU
		{824F7A19-2E48-4FCA-860C-5FF03AFAD720}.Release|x86.Build.0 = Release|Any CPU
		{31F537E0-57EB-4962-99C8-F9793315FFDD}.Debug|Any CPU.ActiveCfg = Debug|Any CPU
		{31F537E0-57EB-4962-99C8-F9793315FFDD}.Debug|Any CPU.Build.0 = Debug|Any CPU
		{31F537E0-57EB-4962-99C8-F9793315FFDD}.Debug|x86.ActiveCfg = Debug|Any CPU
		{31F537E0-57EB-4962-99C8-F9793315FFDD}.Debug|x86.Build.0 = Debug|Any CPU
		{31F537E0-57EB-4962-99C8-F9793315FFDD}.Release|Any CPU.ActiveCfg = Release|Any CPU
		{31F537E0-57EB-4962-99C8-F9793315FFDD}.Release|Any CPU.Build.0 = Release|Any CPU
		{31F537E0-57EB-4962-99C8-F9793315FFDD}.Release|x86.ActiveCfg = Release|Any CPU
		{31F537E0-57EB-4962-99C8-F9793315FFDD}.Release|x86.Build.0 = Release|Any CPU
		{A2F29039-36DC-4C2F-80EB-5EA3A839337D}.Debug|Any CPU.ActiveCfg = Debug|Any CPU
		{A2F29039-36DC-4C2F-80EB-5EA3A839337D}.Debug|Any CPU.Build.0 = Debug|Any CPU
		{A2F29039-36DC-4C2F-80EB-5EA3A839337D}.Debug|x86.ActiveCfg = Debug|Any CPU
		{A2F29039-36DC-4C2F-80EB-5EA3A839337D}.Debug|x86.Build.0 = Debug|Any CPU
		{A2F29039-36DC-4C2F-80EB-5EA3A839337D}.Release|Any CPU.ActiveCfg = Release|Any CPU
		{A2F29039-36DC-4C2F-80EB-5EA3A839337D}.Release|Any CPU.Build.0 = Release|Any CPU
		{A2F29039-36DC-4C2F-80EB-5EA3A839337D}.Release|x86.ActiveCfg = Release|Any CPU
		{A2F29039-36DC-4C2F-80EB-5EA3A839337D}.Release|x86.Build.0 = Release|Any CPU
		{D568745D-4033-44B5-B59A-8DCEBFA7B7ED}.Debug|Any CPU.ActiveCfg = Debug|Any CPU
		{D568745D-4033-44B5-B59A-8DCEBFA7B7ED}.Debug|Any CPU.Build.0 = Debug|Any CPU
		{D568745D-4033-44B5-B59A-8DCEBFA7B7ED}.Debug|x86.ActiveCfg = Debug|Any CPU
		{D568745D-4033-44B5-B59A-8DCEBFA7B7ED}.Debug|x86.Build.0 = Debug|Any CPU
		{D568745D-4033-44B5-B59A-8DCEBFA7B7ED}.Release|Any CPU.ActiveCfg = Release|Any CPU
		{D568745D-4033-44B5-B59A-8DCEBFA7B7ED}.Release|Any CPU.Build.0 = Release|Any CPU
		{D568745D-4033-44B5-B59A-8DCEBFA7B7ED}.Release|x86.ActiveCfg = Release|Any CPU
		{D568745D-4033-44B5-B59A-8DCEBFA7B7ED}.Release|x86.Build.0 = Release|Any CPU
		{3773B378-5D13-414A-8586-BAD50F1B5CD3}.Debug|Any CPU.ActiveCfg = Debug|Any CPU
		{3773B378-5D13-414A-8586-BAD50F1B5CD3}.Debug|Any CPU.Build.0 = Debug|Any CPU
		{3773B378-5D13-414A-8586-BAD50F1B5CD3}.Debug|x86.ActiveCfg = Debug|Any CPU
		{3773B378-5D13-414A-8586-BAD50F1B5CD3}.Debug|x86.Build.0 = Debug|Any CPU
		{3773B378-5D13-414A-8586-BAD50F1B5CD3}.Release|Any CPU.ActiveCfg = Release|Any CPU
		{3773B378-5D13-414A-8586-BAD50F1B5CD3}.Release|Any CPU.Build.0 = Release|Any CPU
		{3773B378-5D13-414A-8586-BAD50F1B5CD3}.Release|x86.ActiveCfg = Release|Any CPU
		{3773B378-5D13-414A-8586-BAD50F1B5CD3}.Release|x86.Build.0 = Release|Any CPU
		{AE1B0290-936E-4D8F-9973-35153F804C6F}.Debug|Any CPU.ActiveCfg = Debug|Any CPU
		{AE1B0290-936E-4D8F-9973-35153F804C6F}.Debug|Any CPU.Build.0 = Debug|Any CPU
		{AE1B0290-936E-4D8F-9973-35153F804C6F}.Debug|x86.ActiveCfg = Debug|Any CPU
		{AE1B0290-936E-4D8F-9973-35153F804C6F}.Debug|x86.Build.0 = Debug|Any CPU
		{AE1B0290-936E-4D8F-9973-35153F804C6F}.Release|Any CPU.ActiveCfg = Release|Any CPU
		{AE1B0290-936E-4D8F-9973-35153F804C6F}.Release|Any CPU.Build.0 = Release|Any CPU
		{AE1B0290-936E-4D8F-9973-35153F804C6F}.Release|x86.ActiveCfg = Release|Any CPU
		{AE1B0290-936E-4D8F-9973-35153F804C6F}.Release|x86.Build.0 = Release|Any CPU
		{E71BE83D-E64A-4D52-97AB-0AB7482363F7}.Debug|Any CPU.ActiveCfg = Debug|Any CPU
		{E71BE83D-E64A-4D52-97AB-0AB7482363F7}.Debug|Any CPU.Build.0 = Debug|Any CPU
		{E71BE83D-E64A-4D52-97AB-0AB7482363F7}.Debug|x86.ActiveCfg = Debug|Any CPU
		{E71BE83D-E64A-4D52-97AB-0AB7482363F7}.Debug|x86.Build.0 = Debug|Any CPU
		{E71BE83D-E64A-4D52-97AB-0AB7482363F7}.Release|Any CPU.ActiveCfg = Release|Any CPU
		{E71BE83D-E64A-4D52-97AB-0AB7482363F7}.Release|Any CPU.Build.0 = Release|Any CPU
		{E71BE83D-E64A-4D52-97AB-0AB7482363F7}.Release|x86.ActiveCfg = Release|Any CPU
		{E71BE83D-E64A-4D52-97AB-0AB7482363F7}.Release|x86.Build.0 = Release|Any CPU
		{26776D77-D1EF-464B-92C9-CB8989B8E882}.Debug|Any CPU.ActiveCfg = Debug|Any CPU
		{26776D77-D1EF-464B-92C9-CB8989B8E882}.Debug|Any CPU.Build.0 = Debug|Any CPU
		{26776D77-D1EF-464B-92C9-CB8989B8E882}.Debug|x86.ActiveCfg = Debug|Any CPU
		{26776D77-D1EF-464B-92C9-CB8989B8E882}.Debug|x86.Build.0 = Debug|Any CPU
		{26776D77-D1EF-464B-92C9-CB8989B8E882}.Release|Any CPU.ActiveCfg = Release|Any CPU
		{26776D77-D1EF-464B-92C9-CB8989B8E882}.Release|Any CPU.Build.0 = Release|Any CPU
		{26776D77-D1EF-464B-92C9-CB8989B8E882}.Release|x86.ActiveCfg = Release|Any CPU
		{26776D77-D1EF-464B-92C9-CB8989B8E882}.Release|x86.Build.0 = Release|Any CPU
		{F64D4FFA-0693-4B99-A650-E775616A59E3}.Debug|Any CPU.ActiveCfg = Debug|Any CPU
		{F64D4FFA-0693-4B99-A650-E775616A59E3}.Debug|Any CPU.Build.0 = Debug|Any CPU
		{F64D4FFA-0693-4B99-A650-E775616A59E3}.Debug|x86.ActiveCfg = Debug|Any CPU
		{F64D4FFA-0693-4B99-A650-E775616A59E3}.Debug|x86.Build.0 = Debug|Any CPU
		{F64D4FFA-0693-4B99-A650-E775616A59E3}.Release|Any CPU.ActiveCfg = Release|Any CPU
		{F64D4FFA-0693-4B99-A650-E775616A59E3}.Release|Any CPU.Build.0 = Release|Any CPU
		{F64D4FFA-0693-4B99-A650-E775616A59E3}.Release|x86.ActiveCfg = Release|Any CPU
		{F64D4FFA-0693-4B99-A650-E775616A59E3}.Release|x86.Build.0 = Release|Any CPU
		{F60081CC-C513-478B-A7B2-1D77E6242AC5}.Debug|Any CPU.ActiveCfg = Debug|Any CPU
		{F60081CC-C513-478B-A7B2-1D77E6242AC5}.Debug|Any CPU.Build.0 = Debug|Any CPU
		{F60081CC-C513-478B-A7B2-1D77E6242AC5}.Debug|x86.ActiveCfg = Debug|Any CPU
		{F60081CC-C513-478B-A7B2-1D77E6242AC5}.Debug|x86.Build.0 = Debug|Any CPU
		{F60081CC-C513-478B-A7B2-1D77E6242AC5}.Release|Any CPU.ActiveCfg = Release|Any CPU
		{F60081CC-C513-478B-A7B2-1D77E6242AC5}.Release|Any CPU.Build.0 = Release|Any CPU
		{F60081CC-C513-478B-A7B2-1D77E6242AC5}.Release|x86.ActiveCfg = Release|Any CPU
		{F60081CC-C513-478B-A7B2-1D77E6242AC5}.Release|x86.Build.0 = Release|Any CPU
		{3E97CCFB-5DCC-4775-B0AD-3FE2E8C7AC53}.Debug|Any CPU.ActiveCfg = Debug|Any CPU
		{3E97CCFB-5DCC-4775-B0AD-3FE2E8C7AC53}.Debug|Any CPU.Build.0 = Debug|Any CPU
		{3E97CCFB-5DCC-4775-B0AD-3FE2E8C7AC53}.Debug|x86.ActiveCfg = Debug|Any CPU
		{3E97CCFB-5DCC-4775-B0AD-3FE2E8C7AC53}.Debug|x86.Build.0 = Debug|Any CPU
		{3E97CCFB-5DCC-4775-B0AD-3FE2E8C7AC53}.Release|Any CPU.ActiveCfg = Release|Any CPU
		{3E97CCFB-5DCC-4775-B0AD-3FE2E8C7AC53}.Release|Any CPU.Build.0 = Release|Any CPU
		{3E97CCFB-5DCC-4775-B0AD-3FE2E8C7AC53}.Release|x86.ActiveCfg = Release|Any CPU
		{3E97CCFB-5DCC-4775-B0AD-3FE2E8C7AC53}.Release|x86.Build.0 = Release|Any CPU
		{8378E5C0-BC52-4F9B-A854-2C6F0990598C}.Debug|Any CPU.ActiveCfg = Debug|Any CPU
		{8378E5C0-BC52-4F9B-A854-2C6F0990598C}.Debug|Any CPU.Build.0 = Debug|Any CPU
		{8378E5C0-BC52-4F9B-A854-2C6F0990598C}.Debug|x86.ActiveCfg = Debug|Any CPU
		{8378E5C0-BC52-4F9B-A854-2C6F0990598C}.Debug|x86.Build.0 = Debug|Any CPU
		{8378E5C0-BC52-4F9B-A854-2C6F0990598C}.Release|Any CPU.ActiveCfg = Release|Any CPU
		{8378E5C0-BC52-4F9B-A854-2C6F0990598C}.Release|Any CPU.Build.0 = Release|Any CPU
		{8378E5C0-BC52-4F9B-A854-2C6F0990598C}.Release|x86.ActiveCfg = Release|Any CPU
		{8378E5C0-BC52-4F9B-A854-2C6F0990598C}.Release|x86.Build.0 = Release|Any CPU
		{97EF6E49-0CBD-404B-813D-538B83CA8BFA}.Debug|Any CPU.ActiveCfg = Debug|x86
		{97EF6E49-0CBD-404B-813D-538B83CA8BFA}.Debug|x86.ActiveCfg = Debug|x86
		{97EF6E49-0CBD-404B-813D-538B83CA8BFA}.Debug|x86.Build.0 = Debug|x86
		{97EF6E49-0CBD-404B-813D-538B83CA8BFA}.Release|Any CPU.ActiveCfg = Release|x86
		{97EF6E49-0CBD-404B-813D-538B83CA8BFA}.Release|x86.ActiveCfg = Release|x86
		{97EF6E49-0CBD-404B-813D-538B83CA8BFA}.Release|x86.Build.0 = Release|x86
		{B9F07616-11FC-46C6-BCB2-2F75434159F5}.Debug|Any CPU.ActiveCfg = Debug|x86
		{B9F07616-11FC-46C6-BCB2-2F75434159F5}.Debug|x86.ActiveCfg = Debug|x86
		{B9F07616-11FC-46C6-BCB2-2F75434159F5}.Debug|x86.Build.0 = Debug|x86
		{B9F07616-11FC-46C6-BCB2-2F75434159F5}.Release|Any CPU.ActiveCfg = Release|x86
		{B9F07616-11FC-46C6-BCB2-2F75434159F5}.Release|x86.ActiveCfg = Release|x86
		{B9F07616-11FC-46C6-BCB2-2F75434159F5}.Release|x86.Build.0 = Release|x86
	EndGlobalSection
	GlobalSection(SolutionProperties) = preSolution
		HideSolutionNode = FALSE
	EndGlobalSection
	GlobalSection(NestedProjects) = preSolution
		{97EF6E49-0CBD-404B-813D-538B83CA8BFA} = {33C54EE2-D13A-4B57-9750-9A78B1AFA224}
		{B9F07616-11FC-46C6-BCB2-2F75434159F5} = {33C54EE2-D13A-4B57-9750-9A78B1AFA224}
	EndGlobalSection
EndGlobal
